{
  "requires": true,
  "lockfileVersion": 1,
  "dependencies": {
    "weui": {
      "version": "1.1.3",
      "resolved": "https://registry.npmjs.org/weui/-/weui-1.1.3.tgz",
      "integrity": "sha512-vC6eWUvG1MYoE8yLsvBBmLB2+4DZWynQOL47MUscHMwPVltOZPGsiRb2PE7y3z+w3ElF1SsmJsyhr40wiXgP5A=="
    }
  }
}
